
Microsoft Visual Studio Solution File, Format Version 11.00
# Visual C# Express 2010
Project("{FAE04EC0-301F-11D3-BF4B-00C04F79EFBC}") = "ElementalGame", "ElementalGame\ElementalGame\ElementalGame.csproj", "{F02FB48B-B4B0-4830-8D00-15182BE84769}"
EndProject
Project("{96E2B04D-8817-42C6-938A-82C39BA4D311}") = "ElementalGameContent", "ElementalGame\ElementalGameContent\ElementalGameContent.contentproj", "{2865E1C9-BAA9-4935-92EE-6AD7ECFE7063}"
EndProject
Global
	GlobalSection(SolutionConfigurationPlatforms) = preSolution
		Debug|x86 = Debug|x86
		Release|x86 = Release|x86
	EndGlobalSection
	GlobalSection(ProjectConfigurationPlatforms) = postSolution
		{F02FB48B-B4B0-4830-8D00-15182BE84769}.Debug|x86.ActiveCfg = Debug|x86
		{F02FB48B-B4B0-4830-8D00-15182BE84769}.Debug|x86.Build.0 = Debug|x86
		{F02FB48B-B4B0-4830-8D00-15182BE84769}.Release|x86.ActiveCfg = Release|x86
		{F02FB48B-B4B0-4830-8D00-15182BE84769}.Release|x86.Build.0 = Release|x86
		{2865E1C9-BAA9-4935-92EE-6AD7ECFE7063}.Debug|x86.ActiveCfg = Debug|x86
		{2865E1C9-BAA9-4935-92EE-6AD7ECFE7063}.Release|x86.ActiveCfg = Release|x86
	EndGlobalSection
	GlobalSection(SolutionProperties) = preSolution
		HideSolutionNode = FALSE
	EndGlobalSection
EndGlobal
